
Microsoft Visual Studio Solution File, Format Version 12.00
# Visual Studio Version 17
VisualStudioVersion = 17.0.31903.59
MinimumVisualStudioVersion = 10.0.40219.1
Project("{2150E333-8FDC-42A3-9474-1A3956D46DE8}") = "src", "src", "{827E0CD3-B72D-47B6-A68D-7590B98EB39B}"
EndProject
Project("{FAE04EC0-301F-11D3-BF4B-00C04F79EFBC}") = "NohddX.Core", "src\NohddX.Core\NohddX.Core.csproj", "{AD9373E5-9799-4EC9-9038-050C36D836B1}"
EndProject
Project("{FAE04EC0-301F-11D3-BF4B-00C04F79EFBC}") = "NohddX.Storage", "src\NohddX.Storage\NohddX.Storage.csproj", "{5821AD59-446A-4461-B56A-EE4B4EE6F7A7}"
EndProject
Project("{FAE04EC0-301F-11D3-BF4B-00C04F79EFBC}") = "NohddX.Iscsi", "src\NohddX.Iscsi\NohddX.Iscsi.csproj", "{4FFBA2C4-F06A-45CC-8674-76806AD2D601}"
EndProject
Project("{FAE04EC0-301F-11D3-BF4B-00C04F79EFBC}") = "NohddX.Boot", "src\NohddX.Boot\NohddX.Boot.csproj", "{DC09FFAA-0A43-429E-B415-B09C32D3E0F2}"
EndProject
Project("{FAE04EC0-301F-11D3-BF4B-00C04F79EFBC}") = "NohddX.Cluster", "src\NohddX.Cluster\NohddX.Cluster.csproj", "{602A2BCA-FD8D-485D-9C1A-C6E52964D906}"
EndProject
Project("{FAE04EC0-301F-11D3-BF4B-00C04F79EFBC}") = "NohddX.ClientMgmt", "src\NohddX.ClientMgmt\NohddX.ClientMgmt.csproj", "{3954142E-BBAE-4111-BF26-1616B9801012}"
EndProject
Project("{FAE04EC0-301F-11D3-BF4B-00C04F79EFBC}") = "NohddX.Monitoring", "src\NohddX.Monitoring\NohddX.Monitoring.csproj", "{5D9AC76E-68D9-4161-8903-1763100E5FC7}"
EndProject
Project("{FAE04EC0-301F-11D3-BF4B-00C04F79EFBC}") = "NohddX.Database", "src\NohddX.Database\NohddX.Database.csproj", "{9EA0C2A2-3DC9-45AD-8F05-19E80C6AD0D5}"
EndProject
Project("{FAE04EC0-301F-11D3-BF4B-00C04F79EFBC}") = "NohddX.Api", "src\NohddX.Api\NohddX.Api.csproj", "{F327C5F7-4B14-4048-9B2D-5C83A97C9012}"
EndProject
Project("{FAE04EC0-301F-11D3-BF4B-00C04F79EFBC}") = "NohddX.Server", "src\NohddX.Server\NohddX.Server.csproj", "{F0BE9E01-8F08-4F67-ABFA-C0C60DB2A738}"
EndProject
Project("{FAE04EC0-301F-11D3-BF4B-00C04F79EFBC}") = "NohddX.Ui", "src\NohddX.Ui\NohddX.Ui.csproj", "{B43445AF-3537-4360-A641-6D6B5AAE34E2}"
EndProject
Project("{FAE04EC0-301F-11D3-BF4B-00C04F79EFBC}") = "NohddX.Agent", "src\NohddX.Agent\NohddX.Agent.csproj", "{04BA75DB-07ED-4758-8289-361D3FC179C5}"
EndProject
Project("{2150E333-8FDC-42A3-9474-1A3956D46DE8}") = "tools", "tools", "{07C2787E-EAC7-C090-1BA3-A61EC2A24D84}"
EndProject
Project("{FAE04EC0-301F-11D3-BF4B-00C04F79EFBC}") = "NohddX.IsoBuilder", "tools\iso-builder\NohddX.IsoBuilder.csproj", "{D26DB092-6377-4ED0-912F-C0A917EF4620}"
EndProject
Project("{2150E333-8FDC-42A3-9474-1A3956D46DE8}") = "tests", "tests", "{0AB3BF05-4346-4AA6-1389-037BE0695223}"
EndProject
Project("{FAE04EC0-301F-11D3-BF4B-00C04F79EFBC}") = "NohddX.Tests", "tests\NohddX.Tests\NohddX.Tests.csproj", "{585BED91-E830-4C73-8173-8165EA1B169E}"
EndProject
Global
	GlobalSection(SolutionConfigurationPlatforms) = preSolution
		Debug|Any CPU = Debug|Any CPU
		Debug|x64 = Debug|x64
		Debug|x86 = Debug|x86
		Release|Any CPU = Release|Any CPU
		Release|x64 = Release|x64
		Release|x86 = Release|x86
	EndGlobalSection
	GlobalSection(ProjectConfigurationPlatforms) = postSolution
		{AD9373E5-9799-4EC9-9038-050C36D836B1}.Debug|Any CPU.ActiveCfg = Debug|Any CPU
		{AD9373E5-9799-4EC9-9038-050C36D836B1}.Debug|Any CPU.Build.0 = Debug|Any CPU
		{AD9373E5-9799-4EC9-9038-050C36D836B1}.Debug|x64.ActiveCfg = Debug|Any CPU
		{AD9373E5-9799-4EC9-9038-050C36D836B1}.Debug|x64.Build.0 = Debug|Any CPU
		{AD9373E5-9799-4EC9-9038-050C36D836B1}.Debug|x86.ActiveCfg = Debug|Any CPU
		{AD9373E5-9799-4EC9-9038-050C36D836B1}.Debug|x86.Build.0 = Debug|Any CPU
		{AD9373E5-9799-4EC9-9038-050C36D836B1}.Release|Any CPU.ActiveCfg = Release|Any CPU
		{AD9373E5-9799-4EC9-9038-050C36D836B1}.Release|Any CPU.Build.0 = Release|Any CPU
		{AD9373E5-9799-4EC9-9038-050C36D836B1}.Release|x64.ActiveCfg = Release|Any CPU
		{AD9373E5-9799-4EC9-9038-050C36D836B1}.Release|x64.Build.0 = Release|Any CPU
		{AD9373E5-9799-4EC9-9038-050C36D836B1}.Release|x86.ActiveCfg = Release|Any CPU
		{AD9373E5-9799-4EC9-9038-050C36D836B1}.Release|x86.Build.0 = Release|Any CPU
		{5821AD59-446A-4461-B56A-EE4B4EE6F7A7}.Debug|Any CPU.ActiveCfg = Debug|Any CPU
		{5821AD59-446A-4461-B56A-EE4B4EE6F7A7}.Debug|Any CPU.Build.0 = Debug|Any CPU
		{5821AD59-446A-4461-B56A-EE4B4EE6F7A7}.Debug|x64.ActiveCfg = Debug|Any CPU
		{5821AD59-446A-4461-B56A-EE4B4EE6F7A7}.Debug|x64.Build.0 = Debug|Any CPU
		{5821AD59-446A-4461-B56A-EE4B4EE6F7A7}.Debug|x86.ActiveCfg = Debug|Any CPU
		{5821AD59-446A-4461-B56A-EE4B4EE6F7A7}.Debug|x86.Build.0 = Debug|Any CPU
		{5821AD59-446A-4461-B56A-EE4B4EE6F7A7}.Release|Any CPU.ActiveCfg = Release|Any CPU
		{5821AD59-446A-4461-B56A-EE4B4EE6F7A7}.Release|Any CPU.Build.0 = Release|Any CPU
		{5821AD59-446A-4461-B56A-EE4B4EE6F7A7}.Release|x64.ActiveCfg = Release|Any CPU
		{5821AD59-446A-4461-B56A-EE4B4EE6F7A7}.Release|x64.Build.0 = Release|Any CPU
		{5821AD59-446A-4461-B56A-EE4B4EE6F7A7}.Release|x86.ActiveCfg = Release|Any CPU
		{5821AD59-446A-4461-B56A-EE4B4EE6F7A7}.Release|x86.Build.0 = Release|Any CPU
		{4FFBA2C4-F06A-45CC-8674-76806AD2D601}.Debug|Any CPU.ActiveCfg = Debug|Any CPU
		{4FFBA2C4-F06A-45CC-8674-76806AD2D601}.Debug|Any CPU.Build.0 = Debug|Any CPU
		{4FFBA2C4-F06A-45CC-8674-76806AD2D601}.Debug|x64.ActiveCfg = Debug|Any CPU
		{4FFBA2C4-F06A-45CC-8674-76806AD2D601}.Debug|x64.Build.0 = Debug|Any CPU
		{4FFBA2C4-F06A-45CC-8674-76806AD2D601}.Debug|x86.ActiveCfg = Debug|Any CPU
		{4FFBA2C4-F06A-45CC-8674-76806AD2D601}.Debug|x86.Build.0 = Debug|Any CPU
		{4FFBA2C4-F06A-45CC-8674-76806AD2D601}.Release|Any CPU.ActiveCfg = Release|Any CPU
		{4FFBA2C4-F06A-45CC-8674-76806AD2D601}.Release|Any CPU.Build.0 = Release|Any CPU
		{4FFBA2C4-F06A-45CC-8674-76806AD2D601}.Release|x64.ActiveCfg = Release|Any CPU
		{4FFBA2C4-F06A-45CC-8674-76806AD2D601}.Release|x64.Build.0 = Release|Any CPU
		{4FFBA2C4-F06A-45CC-8674-76806AD2D601}.Release|x86.ActiveCfg = Release|Any CPU
		{4FFBA2C4-F06A-45CC-8674-76806AD2D601}.Release|x86.Build.0 = Release|Any CPU
		{DC09FFAA-0A43-429E-B415-B09C32D3E0F2}.Debug|Any CPU.ActiveCfg = Debug|Any CPU
		{DC09FFAA-0A43-429E-B415-B09C32D3E0F2}.Debug|Any CPU.Build.0 = Debug|Any CPU
		{DC09FFAA-0A43-429E-B415-B09C32D3E0F2}.Debug|x64.ActiveCfg = Debug|Any CPU
		{DC09FFAA-0A43-429E-B415-B09C32D3E0F2}.Debug|x64.Build.0 = Debug|Any CPU
		{DC09FFAA-0A43-429E-B415-B09C32D3E0F2}.Debug|x86.ActiveCfg = Debug|Any CPU
		{DC09FFAA-0A43-429E-B415-B09C32D3E0F2}.Debug|x86.Build.0 = Debug|Any CPU
		{DC09FFAA-0A43-429E-B415-B09C32D3E0F2}.Release|Any CPU.ActiveCfg = Release|Any CPU
		{DC09FFAA-0A43-429E-B415-B09C32D3E0F2}.Release|Any CPU.Build.0 = Release|Any CPU
		{DC09FFAA-0A43-429E-B415-B09C32D3E0F2}.Release|x64.ActiveCfg = Release|Any CPU
		{DC09FFAA-0A43-429E-B415-B09C32D3E0F2}.Release|x64.Build.0 = Release|Any CPU
		{DC09FFAA-0A43-429E-B415-B09C32D3E0F2}.Release|x86.ActiveCfg = Release|Any CPU
		{DC09FFAA-0A43-429E-B415-B09C32D3E0F2}.Release|x86.Build.0 = Release|Any CPU
		{602A2BCA-FD8D-485D-9C1A-C6E52964D906}.Debug|Any CPU.ActiveCfg = Debug|Any CPU
		{602A2BCA-FD8D-485D-9C1A-C6E52964D906}.Debug|Any CPU.Build.0 = Debug|Any CPU
		{602A2BCA-FD8D-485D-9C1A-C6E52964D906}.Debug|x64.ActiveCfg = Debug|Any CPU
		{602A2BCA-FD8D-485D-9C1A-C6E52964D906}.Debug|x64.Build.0 = Debug|Any CPU
		{602A2BCA-FD8D-485D-9C1A-C6E52964D906}.Debug|x86.ActiveCfg = Debug|Any CPU
		{602A2BCA-FD8D-485D-9C1A-C6E52964D906}.Debug|x86.Build.0 = Debug|Any CPU
		{602A2BCA-FD8D-485D-9C1A-C6E52964D906}.Release|Any CPU.ActiveCfg = Release|Any CPU
		{602A2BCA-FD8D-485D-9C1A-C6E52964D906}.Release|Any CPU.Build.0 = Release|Any CPU
		{602A2BCA-FD8D-485D-9C1A-C6E52964D906}.Release|x64.ActiveCfg = Release|Any CPU
		{602A2BCA-FD8D-485D-9C1A-C6E52964D906}.Release|x64.Build.0 = Release|Any CPU
		{602A2BCA-FD8D-485D-9C1A-C6E52964D906}.Release|x86.ActiveCfg = Release|Any CPU
		{602A2BCA-FD8D-485D-9C1A-C6E52964D906}.Release|x86.Build.0 = Release|Any CPU
		{3954142E-BBAE-4111-BF26-1616B9801012}.Debug|Any CPU.ActiveCfg = Debug|Any CPU
		{3954142E-BBAE-4111-BF26-1616B9801012}.Debug|Any CPU.Build.0 = Debug|Any CPU
		{3954142E-BBAE-4111-BF26-1616B9801012}.Debug|x64.ActiveCfg = Debug|Any CPU
		{3954142E-BBAE-4111-BF26-1616B9801012}.Debug|x64.Build.0 = Debug|Any CPU
		{3954142E-BBAE-4111-BF26-1616B9801012}.Debug|x86.ActiveCfg = Debug|Any CPU
		{3954142E-BBAE-4111-BF26-1616B9801012}.Debug|x86.Build.0 = Debug|Any CPU
		{3954142E-BBAE-4111-BF26-1616B9801012}.Release|Any CPU.ActiveCfg = Release|Any CPU
		{3954142E-BBAE-4111-BF26-1616B9801012}.Release|Any CPU.Build.0 = Release|Any CPU
		{3954142E-BBAE-4111-BF26-1616B9801012}.Release|x64.ActiveCfg = Release|Any CPU
		{3954142E-BBAE-4111-BF26-1616B9801012}.Release|x64.Build.0 = Release|Any CPU
		{3954142E-BBAE-4111-BF26-1616B9801012}.Release|x86.ActiveCfg = Release|Any CPU
		{3954142E-BBAE-4111-BF26-1616B9801012}.Release|x86.Build.0 = Release|Any CPU
		{5D9AC76E-68D9-4161-8903-1763100E5FC7}.Debug|Any CPU.ActiveCfg = Debug|Any CPU
		{5D9AC76E-68D9-4161-8903-1763100E5FC7}.Debug|Any CPU.Build.0 = Debug|Any CPU
		{5D9AC76E-68D9-4161-8903-1763100E5FC7}.Debug|x64.ActiveCfg = Debug|Any CPU
		{5D9AC76E-68D9-4161-8903-1763100E5FC7}.Debug|x64.Build.0 = Debug|Any CPU
		{5D9AC76E-68D9-4161-8903-1763100E5FC7}.Debug|x86.ActiveCfg = Debug|Any CPU
		{5D9AC76E-68D9-4161-8903-1763100E5FC7}.Debug|x86.Build.0 = Debug|Any CPU
		{5D9AC76E-68D9-4161-8903-1763100E5FC7}.Release|Any CPU.ActiveCfg = Release|Any CPU
		{5D9AC76E-68D9-4161-8903-1763100E5FC7}.Release|Any CPU.Build.0 = Release|Any CPU
		{5D9AC76E-68D9-4161-8903-1763100E5FC7}.Release|x64.ActiveCfg = Release|Any CPU
		{5D9AC76E-68D9-4161-8903-1763100E5FC7}.Release|x64.Build.0 = Release|Any CPU
		{5D9AC76E-68D9-4161-8903-1763100E5FC7}.Release|x86.ActiveCfg = Release|Any CPU
		{5D9AC76E-68D9-4161-8903-1763100E5FC7}.Release|x86.Build.0 = Release|Any CPU
		{9EA0C2A2-3DC9-45AD-8F05-19E80C6AD0D5}.Debug|Any CPU.ActiveCfg = Debug|Any CPU
		{9EA0C2A2-3DC9-45AD-8F05-19E80C6AD0D5}.Debug|Any CPU.Build.0 = Debug|Any CPU
		{9EA0C2A2-3DC9-45AD-8F05-19E80C6AD0D5}.Debug|x64.ActiveCfg = Debug|Any CPU
		{9EA0C2A2-3DC9-45AD-8F05-19E80C6AD0D5}.Debug|x64.Build.0 = Debug|Any CPU
		{9EA0C2A2-3DC9-45AD-8F05-19E80C6AD0D5}.Debug|x86.ActiveCfg = Debug|Any CPU
		{9EA0C2A2-3DC9-45AD-8F05-19E80C6AD0D5}.Debug|x86.Build.0 = Debug|Any CPU
		{9EA0C2A2-3DC9-45AD-8F05-19E80C6AD0D5}.Release|Any CPU.ActiveCfg = Release|Any CPU
		{9EA0C2A2-3DC9-45AD-8F05-19E80C6AD0D5}.Release|Any CPU.Build.0 = Release|Any CPU
		{9EA0C2A2-3DC9-45AD-8F05-19E80C6AD0D5}.Release|x64.ActiveCfg = Release|Any CPU
		{9EA0C2A2-3DC9-45AD-8F05-19E80C6AD0D5}.Release|x64.Build.0 = Release|Any CPU
		{9EA0C2A2-3DC9-45AD-8F05-19E80C6AD0D5}.Release|x86.ActiveCfg = Release|Any CPU
		{9EA0C2A2-3DC9-45AD-8F05-19E80C6AD0D5}.Release|x86.Build.0 = Release|Any CPU
		{F327C5F7-4B14-4048-9B2D-5C83A97C9012}.Debug|Any CPU.ActiveCfg = Debug|Any CPU
		{F327C5F7-4B14-4048-9B2D-5C83A97C9012}.Debug|Any CPU.Build.0 = Debug|Any CPU
		{F327C5F7-4B14-4048-9B2D-5C83A97C9012}.Debug|x64.ActiveCfg = Debug|Any CPU
		{F327C5F7-4B14-4048-9B2D-5C83A97C9012}.Debug|x64.Build.0 = Debug|Any CPU
		{F327C5F7-4B14-4048-9B2D-5C83A97C9012}.Debug|x86.ActiveCfg = Debug|Any CPU
		{F327C5F7-4B14-4048-9B2D-5C83A97C9012}.Debug|x86.Build.0 = Debug|Any CPU
		{F327C5F7-4B14-4048-9B2D-5C83A97C9012}.Release|Any CPU.ActiveCfg = Release|Any CPU
		{F327C5F7-4B14-4048-9B2D-5C83A97C9012}.Release|Any CPU.Build.0 = Release|Any CPU
		{F327C5F7-4B14-4048-9B2D-5C83A97C9012}.Release|x64.ActiveCfg = Release|Any CPU
		{F327C5F7-4B14-4048-9B2D-5C83A97C9012}.Release|x64.Build.0 = Release|Any CPU
		{F327C5F7-4B14-4048-9B2D-5C83A97C9012}.Release|x86.ActiveCfg = Release|Any CPU
		{F327C5F7-4B14-4048-9B2D-5C83A97C9012}.Release|x86.Build.0 = Release|Any CPU
		{F0BE9E01-8F08-4F67-ABFA-C0C60DB2A738}.Debug|Any CPU.ActiveCfg = Debug|Any CPU
		{F0BE9E01-8F08-4F67-ABFA-C0C60DB2A738}.Debug|Any CPU.Build.0 = Debug|Any CPU
		{F0BE9E01-8F08-4F67-ABFA-C0C60DB2A738}.Debug|x64.ActiveCfg = Debug|Any CPU
		{F0BE9E01-8F08-4F67-ABFA-C0C60DB2A738}.Debug|x64.Build.0 = Debug|Any CPU
		{F0BE9E01-8F08-4F67-ABFA-C0C60DB2A738}.Debug|x86.ActiveCfg = Debug|Any CPU
		{F0BE9E01-8F08-4F67-ABFA-C0C60DB2A738}.Debug|x86.Build.0 = Debug|Any CPU
		{F0BE9E01-8F08-4F67-ABFA-C0C60DB2A738}.Release|Any CPU.ActiveCfg = Release|Any CPU
		{F0BE9E01-8F08-4F67-ABFA-C0C60DB2A738}.Release|Any CPU.Build.0 = Release|Any CPU
		{F0BE9E01-8F08-4F67-ABFA-C0C60DB2A738}.Release|x64.ActiveCfg = Release|Any CPU
		{F0BE9E01-8F08-4F67-ABFA-C0C60DB2A738}.Release|x64.Build.0 = Release|Any CPU
		{F0BE9E01-8F08-4F67-ABFA-C0C60DB2A738}.Release|x86.ActiveCfg = Release|Any CPU
		{F0BE9E01-8F08-4F67-ABFA-C0C60DB2A738}.Release|x86.Build.0 = Release|Any CPU
		{B43445AF-3537-4360-A641-6D6B5AAE34E2}.Debug|Any CPU.ActiveCfg = Debug|Any CPU
		{B43445AF-3537-4360-A641-6D6B5AAE34E2}.Debug|Any CPU.Build.0 = Debug|Any CPU
		{B43445AF-3537-4360-A641-6D6B5AAE34E2}.Debug|x64.ActiveCfg = Debug|Any CPU
		{B43445AF-3537-4360-A641-6D6B5AAE34E2}.Debug|x64.Build.0 = Debug|Any CPU
		{B43445AF-3537-4360-A641-6D6B5AAE34E2}.Debug|x86.ActiveCfg = Debug|Any CPU
		{B43445AF-3537-4360-A641-6D6B5AAE34E2}.Debug|x86.Build.0 = Debug|Any CPU
		{B43445AF-3537-4360-A641-6D6B5AAE34E2}.Release|Any CPU.ActiveCfg = Release|Any CPU
		{B43445AF-3537-4360-A641-6D6B5AAE34E2}.Release|Any CPU.Build.0 = Release|Any CPU
		{B43445AF-3537-4360-A641-6D6B5AAE34E2}.Release|x64.ActiveCfg = Release|Any CPU
		{B43445AF-3537-4360-A641-6D6B5AAE34E2}.Release|x64.Build.0 = Release|Any CPU
		{B43445AF-3537-4360-A641-6D6B5AAE34E2}.Release|x86.ActiveCfg = Release|Any CPU
		{B43445AF-3537-4360-A641-6D6B5AAE34E2}.Release|x86.Build.0 = Release|Any CPU
		{04BA75DB-07ED-4758-8289-361D3FC179C5}.Debug|Any CPU.ActiveCfg = Debug|Any CPU
		{04BA75DB-07ED-4758-8289-361D3FC179C5}.Debug|Any CPU.Build.0 = Debug|Any CPU
		{04BA75DB-07ED-4758-8289-361D3FC179C5}.Debug|x64.ActiveCfg = Debug|Any CPU
		{04BA75DB-07ED-4758-8289-361D3FC179C5}.Debug|x64.Build.0 = Debug|Any CPU
		{04BA75DB-07ED-4758-8289-361D3FC179C5}.Debug|x86.ActiveCfg = Debug|Any CPU
		{04BA75DB-07ED-4758-8289-361D3FC179C5}.Debug|x86.Build.0 = Debug|Any CPU
		{04BA75DB-07ED-4758-8289-361D3FC179C5}.Release|Any CPU.ActiveCfg = Release|Any CPU
		{04BA75DB-07ED-4758-8289-361D3FC179C5}.Release|Any CPU.Build.0 = Release|Any CPU
		{04BA75DB-07ED-4758-8289-361D3FC179C5}.Release|x64.ActiveCfg = Release|Any CPU
		{04BA75DB-07ED-4758-8289-361D3FC179C5}.Release|x64.Build.0 = Release|Any CPU
		{04BA75DB-07ED-4758-8289-361D3FC179C5}.Release|x86.ActiveCfg = Release|Any CPU
		{04BA75DB-07ED-4758-8289-361D3FC179C5}.Release|x86.Build.0 = Release|Any CPU
		{D26DB092-6377-4ED0-912F-C0A917EF4620}.Debug|Any CPU.ActiveCfg = Debug|Any CPU
		{D26DB092-6377-4ED0-912F-C0A917EF4620}.Debug|Any CPU.Build.0 = Debug|Any CPU
		{D26DB092-6377-4ED0-912F-C0A917EF4620}.Debug|x64.ActiveCfg = Debug|Any CPU
		{D26DB092-6377-4ED0-912F-C0A917EF4620}.Debug|x64.Build.0 = Debug|Any CPU
		{D26DB092-6377-4ED0-912F-C0A917EF4620}.Debug|x86.ActiveCfg = Debug|Any CPU
		{D26DB092-6377-4ED0-912F-C0A917EF4620}.Debug|x86.Build.0 = Debug|Any CPU
		{D26DB092-6377-4ED0-912F-C0A917EF4620}.Release|Any CPU.ActiveCfg = Release|Any CPU
		{D26DB092-6377-4ED0-912F-C0A917EF4620}.Release|Any CPU.Build.0 = Release|Any CPU
		{D26DB092-6377-4ED0-912F-C0A917EF4620}.Release|x64.ActiveCfg = Release|Any CPU
		{D26DB092-6377-4ED0-912F-C0A917EF4620}.Release|x64.Build.0 = Release|Any CPU
		{D26DB092-6377-4ED0-912F-C0A917EF4620}.Release|x86.ActiveCfg = Release|Any CPU
		{D26DB092-6377-4ED0-912F-C0A917EF4620}.Release|x86.Build.0 = Release|Any CPU
		{585BED91-E830-4C73-8173-8165EA1B169E}.Debug|Any CPU.ActiveCfg = Debug|Any CPU
		{585BED91-E830-4C73-8173-8165EA1B169E}.Debug|Any CPU.Build.0 = Debug|Any CPU
		{585BED91-E830-4C73-8173-8165EA1B169E}.Debug|x64.ActiveCfg = Debug|Any CPU
		{585BED91-E830-4C73-8173-8165EA1B169E}.Debug|x64.Build.0 = Debug|Any CPU
		{585BED91-E830-4C73-8173-8165EA1B169E}.Debug|x86.ActiveCfg = Debug|Any CPU
		{585BED91-E830-4C73-8173-8165EA1B169E}.Debug|x86.Build.0 = Debug|Any CPU
		{585BED91-E830-4C73-8173-8165EA1B169E}.Release|Any CPU.ActiveCfg = Release|Any CPU
		{585BED91-E830-4C73-8173-8165EA1B169E}.Release|Any CPU.Build.0 = Release|Any CPU
		{585BED91-E830-4C73-8173-8165EA1B169E}.Release|x64.ActiveCfg = Release|Any CPU
		{585BED91-E830-4C73-8173-8165EA1B169E}.Release|x64.Build.0 = Release|Any CPU
		{585BED91-E830-4C73-8173-8165EA1B169E}.Release|x86.ActiveCfg = Release|Any CPU
		{585BED91-E830-4C73-8173-8165EA1B169E}.Release|x86.Build.0 = Release|Any CPU
	EndGlobalSection
	GlobalSection(SolutionProperties) = preSolution
		HideSolutionNode = FALSE
	EndGlobalSection
	GlobalSection(NestedProjects) = preSolution
		{AD9373E5-9799-4EC9-9038-050C36D836B1} = {827E0CD3-B72D-47B6-A68D-7590B98EB39B}
		{5821AD59-446A-4461-B56A-EE4B4EE6F7A7} = {827E0CD3-B72D-47B6-A68D-7590B98EB39B}
		{4FFBA2C4-F06A-45CC-8674-76806AD2D601} = {827E0CD3-B72D-47B6-A68D-7590B98EB39B}
		{DC09FFAA-0A43-429E-B415-B09C32D3E0F2} = {827E0CD3-B72D-47B6-A68D-7590B98EB39B}
		{602A2BCA-FD8D-485D-9C1A-C6E52964D906} = {827E0CD3-B72D-47B6-A68D-7590B98EB39B}
		{3954142E-BBAE-4111-BF26-1616B9801012} = {827E0CD3-B72D-47B6-A68D-7590B98EB39B}
		{5D9AC76E-68D9-4161-8903-1763100E5FC7} = {827E0CD3-B72D-47B6-A68D-7590B98EB39B}
		{9EA0C2A2-3DC9-45AD-8F05-19E80C6AD0D5} = {827E0CD3-B72D-47B6-A68D-7590B98EB39B}
		{F327C5F7-4B14-4048-9B2D-5C83A97C9012} = {827E0CD3-B72D-47B6-A68D-7590B98EB39B}
		{F0BE9E01-8F08-4F67-ABFA-C0C60DB2A738} = {827E0CD3-B72D-47B6-A68D-7590B98EB39B}
		{B43445AF-3537-4360-A641-6D6B5AAE34E2} = {827E0CD3-B72D-47B6-A68D-7590B98EB39B}
		{04BA75DB-07ED-4758-8289-361D3FC179C5} = {827E0CD3-B72D-47B6-A68D-7590B98EB39B}
		{D26DB092-6377-4ED0-912F-C0A917EF4620} = {07C2787E-EAC7-C090-1BA3-A61EC2A24D84}
		{585BED91-E830-4C73-8173-8165EA1B169E} = {0AB3BF05-4346-4AA6-1389-037BE0695223}
	EndGlobalSection
EndGlobal
